
Microsoft Visual Studio Solution File, Format Version 12.00
# Visual Studio 15
Project("{FAE04EC0-301F-11D3-BF4B-00C04F79EFBC}") = "ACM.BL", "ACM.BL\ACM.BL.csproj", "{2DD90E5B-4AED-4639-B8C4-16675C929D9D}"
EndProject
Project("{2150E333-8FDC-42A3-9474-1A3956D46DE8}") = "Tests", "Tests", "{86565165-0A13-4885-A6C7-042129042D15}"
	ProjectSection(SolutionItems) = preProject
		ACM.BLTest\ACM.BLTests\NUnitTestClass.cs = ACM.BLTest\ACM.BLTests\NUnitTestClass.cs
	EndProjectSection
EndProject
Project("{FAE04EC0-301F-11D3-BF4B-00C04F79EFBC}") = "ACM.BLTests", "ACM.BLTest\ACM.BLTests\ACM.BLTests.csproj", "{E0B698E4-9C94-4C98-B097-ED53211910A5}"
EndProject
Global
	GlobalSection(SolutionConfigurationPlatforms) = preSolution
		Debug|Any CPU = Debug|Any CPU
		Release|Any CPU = Release|Any CPU
	EndGlobalSection
	GlobalSection(ProjectConfigurationPlatforms) = postSolution
		{2DD90E5B-4AED-4639-B8C4-16675C929D9D}.Debug|Any CPU.ActiveCfg = Debug|Any CPU
		{2DD90E5B-4AED-4639-B8C4-16675C929D9D}.Debug|Any CPU.Build.0 = Debug|Any CPU
		{2DD90E5B-4AED-4639-B8C4-16675C929D9D}.Release|Any CPU.ActiveCfg = Release|Any CPU
		{2DD90E5B-4AED-4639-B8C4-16675C929D9D}.Release|Any CPU.Build.0 = Release|Any CPU
		{E0B698E4-9C94-4C98-B097-ED53211910A5}.Debug|Any CPU.ActiveCfg = Debug|Any CPU
		{E0B698E4-9C94-4C98-B097-ED53211910A5}.Debug|Any CPU.Build.0 = Debug|Any CPU
		{E0B698E4-9C94-4C98-B097-ED53211910A5}.Release|Any CPU.ActiveCfg = Release|Any CPU
		{E0B698E4-9C94-4C98-B097-ED53211910A5}.Release|Any CPU.Build.0 = Release|Any CPU
	EndGlobalSection
	GlobalSection(NestedProjects) = preSolution
		{E0B698E4-9C94-4C98-B097-ED53211910A5} = {86565165-0A13-4885-A6C7-042129042D15}
	EndGlobalSection
EndGlobal
