
Microsoft Visual Studio Solution File, Format Version 12.00
# Visual Studio 15
Project("{FAE04EC0-301F-11D3-BF4B-00C04F79EFBC}") = "MCV-APP", "MCV-APP\MCV-APP.csproj", "{8F13CE87-4383-415D-8C22-35922597415E}"
EndProject
Global
	GlobalSection(SolutionConfigurationPlatforms) = preSolution
		Debug|Any CPU = Debug|Any CPU
		Release|Any CPU = Release|Any CPU
	EndGlobalSection
	GlobalSection(ProjectConfigurationPlatforms) = postSolution
		{8F13CE87-4383-415D-8C22-35922597415E}.Debug|Any CPU.ActiveCfg = Debug|Any CPU
		{8F13CE87-4383-415D-8C22-35922597415E}.Debug|Any CPU.Build.0 = Debug|Any CPU
		{8F13CE87-4383-415D-8C22-35922597415E}.Release|Any CPU.ActiveCfg = Release|Any CPU
		{8F13CE87-4383-415D-8C22-35922597415E}.Release|Any CPU.Build.0 = Release|Any CPU
	EndGlobalSection
EndGlobal
